{
  "requires": true,
  "lockfileVersion": 1,
  "dependencies": {
    "microsoft-speech-browser-sdk": {
      "version": "0.0.12",
      "resolved": "https://registry.npmjs.org/microsoft-speech-browser-sdk/-/microsoft-speech-browser-sdk-0.0.12.tgz",
      "integrity": "sha512-JYIR/WpaCyV1wk+4ff3kSJMqJFehbeApzG9CJxR+mN3z+4hFKGB/D5GaFsdN5WtRvnrekzUYSOv2nljMQb3Nwg=="
    }
  }
}
